
Microsoft Visual Studio Solution File, Format Version 12.00
# Visual Studio 15
VisualStudioVersion = 15.0.27428.2005
MinimumVisualStudioVersion = 10.0.40219.1
Project("{FAE04EC0-301F-11D3-BF4B-00C04F79EFBC}") = "crypto", "crypto\crypto.csproj", "{4AE8202E-24AF-4C17-9649-89FC019EC0AF}"
EndProject
Global
	GlobalSection(SolutionConfigurationPlatforms) = preSolution
		Debug|Any CPU = Debug|Any CPU
		Release|Any CPU = Release|Any CPU
	EndGlobalSection
	GlobalSection(ProjectConfigurationPlatforms) = postSolution
		{4AE8202E-24AF-4C17-9649-89FC019EC0AF}.Debug|Any CPU.ActiveCfg = Debug|Any CPU
		{4AE8202E-24AF-4C17-9649-89FC019EC0AF}.Debug|Any CPU.Build.0 = Debug|Any CPU
		{4AE8202E-24AF-4C17-9649-89FC019EC0AF}.Release|Any CPU.ActiveCfg = Release|Any CPU
		{4AE8202E-24AF-4C17-9649-89FC019EC0AF}.Release|Any CPU.Build.0 = Release|Any CPU
	EndGlobalSection
	GlobalSection(SolutionProperties) = preSolution
		HideSolutionNode = FALSE
	EndGlobalSection
	GlobalSection(ExtensibilityGlobals) = postSolution
		SolutionGuid = {80518795-9A0D-40B4-B45A-B33FE8964F1C}
	EndGlobalSection
EndGlobal
